# This file is autogenerated, do not edit; changes may be undone by the next 'dep ensure'.


[[projects]]
  name = "github.com/bradleyjkemp/cupaloy"
  packages = ["."]
  revision = "c9f1635bda5049b93b791588013ad7a65f38b170"
  version = "v1.2.0"

[[projects]]
  name = "github.com/davecgh/go-spew"
  packages = ["spew"]
  revision = "346938d642f2ec3594ed81d874461961cd0faa76"
  version = "v1.1.0"

[[projects]]
  name = "github.com/pmezard/go-difflib"
  packages = ["difflib"]
  revision = "792786c7400a136282c1664665ae0a8db921c6c2"
  version = "v1.0.0"

[solve-meta]
  analyzer-name = "dep"
  analyzer-version = 1
  inputs-digest = "5f208a56399cbbd809aa6903ec476c8098fa6096b4cef240b711044a121b1fd7"
  solver-name = "gps-cdcl"
  solver-version = 1
